{
    "_readme": [
        "This file locks the dependencies of your project to a known state",
        "Read more about it at https://getcomposer.org/doc/01-basic-usage.md#composer-lock-the-lock-file",
        "This file is @generated automatically"
    ],
    "hash": "2c8df1a6de8aae4e029778e6a1bb91c1",
    "content-hash": "0d2acbc2630408b2471e3ed807ad804a",
    "packages": [
        {
            "name": "aoepeople/aoe_profiler",
            "version": "dev-master",
            "source": {
                "type": "git",
                "url": "https://github.com/AOEpeople/Aoe_Profiler.git",
                "reference": "2903fb113620bb038964df5d51691387456efeac"
            },
            "dist": {
                "type": "zip",
                "url": "https://api.github.com/repos/AOEpeople/Aoe_Profiler/zipball/2903fb113620bb038964df5d51691387456efeac",
                "reference": "2903fb113620bb038964df5d51691387456efeac",
                "shasum": ""
            },
            "require": {
                "magento-hackathon/magento-composer-installer": "*"
            },
            "type": "magento-module",
            "license": [
                "GPLv3"
            ],
            "authors": [
                {
                    "name": "Fabrizio Branca",
                    "email": "fabrizio.branca@aoe.com"
                }
            ],
            "description": "Magento Profiler",
            "homepage": "http://www.fabrizio-branca.de/magento-profiler.html",
            "support": {
                "source": "https://github.com/AOEpeople/Aoe_Profiler/tree/master",
                "issues": "https://github.com/AOEpeople/Aoe_Profiler/issues"
            },
            "time": "2015-09-28 22:37:12"
        },
        {
            "name": "aoepeople/aoe_templatehints",
            "version": "dev-master",
            "source": {
                "type": "git",
                "url": "https://github.com/AOEpeople/Aoe_TemplateHints.git",
                "reference": "17a3b703dbcebe40077a26de44e9c501d1031158"
            },
            "dist": {
                "type": "zip",
                "url": "https://api.github.com/repos/AOEpeople/Aoe_TemplateHints/zipball/17a3b703dbcebe40077a26de44e9c501d1031158",
                "reference": "17a3b703dbcebe40077a26de44e9c501d1031158",
                "shasum": ""
            },
            "require": {
                "magento-hackathon/magento-composer-installer": "*"
            },
            "replace": {
                "aoemedia/aoe_templatehints": "*",
                "fbrnc/aoe_templatehints": "*"
            },
            "type": "magento-module",
            "license": [
                "GPLv3"
            ],
            "authors": [
                {
                    "name": "Fabrizio Branca",
                    "email": "{firtname}.{lastname}@aoe.com"
                }
            ],
            "description": "Advanced Template Hints for Magento",
            "homepage": "http://www.fabrizio-branca.de/magento-advanced-template-hints-20.html",
            "support": {
                "source": "https://github.com/AOEpeople/Aoe_TemplateHints/tree/master",
                "issues": "https://github.com/AOEpeople/Aoe_TemplateHints/issues"
            },
            "time": "2015-06-26 15:48:04"
        },
        {
            "name": "aoepeople/composer-installers",
            "version": "dev-master",
            "source": {
                "type": "git",
                "url": "https://github.com/AOEpeople/composer-installers.git",
                "reference": "9e8c507177fd9d837e3562c7dd71ee35e684e1f4"
            },
            "dist": {
                "type": "zip",
                "url": "https://api.github.com/repos/AOEpeople/composer-installers/zipball/9e8c507177fd9d837e3562c7dd71ee35e684e1f4",
                "reference": "9e8c507177fd9d837e3562c7dd71ee35e684e1f4",
                "shasum": ""
            },
            "replace": {
                "magento-hackathon/magento-composer-installer": "*"
            },
            "type": "composer-installer",
            "extra": {
                "class": "Aoepeople\\ComposerInstallers\\Installer"
            },
            "autoload": {
                "psr-0": {
                    "Aoepeople\\ComposerInstallers\\": "src/"
                }
            },
            "notification-url": "https://packagist.org/downloads/",
            "license": [
                "GPL"
            ],
            "authors": [
                {
                    "name": "Fabrizio Branca",
                    "email": "{firstname}.{lastname}@aoe.com"
                }
            ],
            "description": "A simple composer installer",
            "keywords": [
                "installer",
                "magento",
                "modman"
            ],
            "time": "2014-03-07 20:11:42"
        },
        {
            "name": "obukhow/adaptive-resize",
            "version": "dev-master",
            "source": {
                "type": "git",
                "url": "https://github.com/obukhow/AdaptiveResize.git",
                "reference": "f4f321e6cb02f695705e7387660698f59b1747fc"
            },
            "dist": {
                "type": "zip",
                "url": "https://api.github.com/repos/obukhow/AdaptiveResize/zipball/f4f321e6cb02f695705e7387660698f59b1747fc",
                "reference": "f4f321e6cb02f695705e7387660698f59b1747fc",
                "shasum": ""
            },
            "suggest": {
                "magento-hackathon/magento-composer-installer": "Provides automatic installation of this extension"
            },
            "type": "magento-module",
            "license": [
                "OSL-3.0"
            ],
            "authors": [
                {
                    "name": "Denis Obukhov",
                    "email": "denis.obukhov@oggettoweb.com"
                }
            ],
            "description": "Adaptive imagesresize with crop for ideal proportions fit Magento plugin",
            "homepage": "https://github.com/obukhow/AdaptiveResize",
            "keywords": [
                "catalog",
                "image"
            ],
            "support": {
                "source": "https://github.com/obukhow/AdaptiveResize/tree/master",
                "issues": "https://github.com/obukhow/AdaptiveResize/issues"
            },
            "time": "2015-02-16 14:04:21"
        },
        {
            "name": "tim-reynolds/magento-qconfig",
            "version": "dev-master",
            "source": {
                "type": "git",
                "url": "https://github.com/tim-reynolds/magento-qconfig.git",
                "reference": "f810f7ba689f7a088081696944377a6eb2b80964"
            },
            "dist": {
                "type": "zip",
                "url": "https://api.github.com/repos/tim-reynolds/magento-qconfig/zipball/f810f7ba689f7a088081696944377a6eb2b80964",
                "reference": "f810f7ba689f7a088081696944377a6eb2b80964",
                "shasum": ""
            },
            "require": {
                "magento-hackathon/magento-composer-installer": "*"
            },
            "type": "magento-module",
            "license": [
                "OSL-3.0"
            ],
            "authors": [
                {
                    "name": "Tim Reynolds"
                }
            ],
            "description": "Magento config quick search",
            "homepage": "https://github.com/tim-reynolds/",
            "support": {
                "source": "https://github.com/tim-reynolds/magento-qconfig/tree/1.0",
                "issues": "https://github.com/tim-reynolds/magento-qconfig/issues"
            },
            "time": "2013-07-31 19:42:16"
        }
    ],
    "packages-dev": [],
    "aliases": [],
    "minimum-stability": "dev",
    "stability-flags": {
        "aoepeople/aoe_profiler": 20,
        "aoepeople/aoe_templatehints": 20,
        "aoepeople/composer-installers": 20,
        "obukhow/adaptive-resize": 20,
        "tim-reynolds/magento-qconfig": 20
    },
    "prefer-stable": false,
    "prefer-lowest": false,
    "platform": {
        "php": ">=5.3.0"
    },
    "platform-dev": []
}
